
Microsoft Visual Studio Solution File, Format Version 12.00
# Visual Studio Version 16
VisualStudioVersion = 16.0.29123.88
MinimumVisualStudioVersion = 10.0.40219.1
Project("{FAE04EC0-301F-11D3-BF4B-00C04F79EFBC}") = "Anonymas type", "Anonymas type\Anonymas type.csproj", "{A63F6233-27A2-4377-9DC4-7CFEBD14A54A}"
EndProject
Global
	GlobalSection(SolutionConfigurationPlatforms) = preSolution
		Debug|Any CPU = Debug|Any CPU
		Release|Any CPU = Release|Any CPU
	EndGlobalSection
	GlobalSection(ProjectConfigurationPlatforms) = postSolution
		{A63F6233-27A2-4377-9DC4-7CFEBD14A54A}.Debug|Any CPU.ActiveCfg = Debug|Any CPU
		{A63F6233-27A2-4377-9DC4-7CFEBD14A54A}.Debug|Any CPU.Build.0 = Debug|Any CPU
		{A63F6233-27A2-4377-9DC4-7CFEBD14A54A}.Release|Any CPU.ActiveCfg = Release|Any CPU
		{A63F6233-27A2-4377-9DC4-7CFEBD14A54A}.Release|Any CPU.Build.0 = Release|Any CPU
	EndGlobalSection
	GlobalSection(SolutionProperties) = preSolution
		HideSolutionNode = FALSE
	EndGlobalSection
	GlobalSection(ExtensibilityGlobals) = postSolution
		SolutionGuid = {E093DFFB-BD20-4FA9-9C6A-34ABD50C3043}
	EndGlobalSection
EndGlobal
