
Microsoft Visual Studio Solution File, Format Version 12.00
# Visual Studio Version 16
VisualStudioVersion = 16.0.29123.88
MinimumVisualStudioVersion = 10.0.40219.1
Project("{FAE04EC0-301F-11D3-BF4B-00C04F79EFBC}") = "ViewStateWebApp", "ViewStateWebApp\ViewStateWebApp.csproj", "{1624D8D2-E446-491F-8DF7-60C1A09FFCBD}"
EndProject
Global
	GlobalSection(SolutionConfigurationPlatforms) = preSolution
		Debug|Any CPU = Debug|Any CPU
		Release|Any CPU = Release|Any CPU
	EndGlobalSection
	GlobalSection(ProjectConfigurationPlatforms) = postSolution
		{1624D8D2-E446-491F-8DF7-60C1A09FFCBD}.Debug|Any CPU.ActiveCfg = Debug|Any CPU
		{1624D8D2-E446-491F-8DF7-60C1A09FFCBD}.Debug|Any CPU.Build.0 = Debug|Any CPU
		{1624D8D2-E446-491F-8DF7-60C1A09FFCBD}.Release|Any CPU.ActiveCfg = Release|Any CPU
		{1624D8D2-E446-491F-8DF7-60C1A09FFCBD}.Release|Any CPU.Build.0 = Release|Any CPU
	EndGlobalSection
	GlobalSection(SolutionProperties) = preSolution
		HideSolutionNode = FALSE
	EndGlobalSection
	GlobalSection(ExtensibilityGlobals) = postSolution
		SolutionGuid = {CB2EAC51-A16A-4837-B8F2-5BB5D7858046}
	EndGlobalSection
EndGlobal
