
Microsoft Visual Studio Solution File, Format Version 12.00
# Visual Studio Version 16
VisualStudioVersion = 16.0.29123.88
MinimumVisualStudioVersion = 10.0.40219.1
Project("{FAE04EC0-301F-11D3-BF4B-00C04F79EFBC}") = "QueueIntroApp", "QueueIntroApp\QueueIntroApp.csproj", "{033AF8D0-FB8E-4CE3-84F5-2794F7FF10BA}"
EndProject
Global
	GlobalSection(SolutionConfigurationPlatforms) = preSolution
		Debug|Any CPU = Debug|Any CPU
		Release|Any CPU = Release|Any CPU
	EndGlobalSection
	GlobalSection(ProjectConfigurationPlatforms) = postSolution
		{033AF8D0-FB8E-4CE3-84F5-2794F7FF10BA}.Debug|Any CPU.ActiveCfg = Debug|Any CPU
		{033AF8D0-FB8E-4CE3-84F5-2794F7FF10BA}.Debug|Any CPU.Build.0 = Debug|Any CPU
		{033AF8D0-FB8E-4CE3-84F5-2794F7FF10BA}.Release|Any CPU.ActiveCfg = Release|Any CPU
		{033AF8D0-FB8E-4CE3-84F5-2794F7FF10BA}.Release|Any CPU.Build.0 = Release|Any CPU
	EndGlobalSection
	GlobalSection(SolutionProperties) = preSolution
		HideSolutionNode = FALSE
	EndGlobalSection
	GlobalSection(ExtensibilityGlobals) = postSolution
		SolutionGuid = {447F36AF-81A5-48ED-BE5D-91D7AECDF80F}
	EndGlobalSection
EndGlobal
